
Microsoft Visual Studio Solution File, Format Version 12.00
# Visual Studio Version 16
VisualStudioVersion = 16.0.30503.244
MinimumVisualStudioVersion = 10.0.40219.1
Project("{8BC9CEB8-8B4A-11D0-8D11-00A0C91BC942}") = "isomorphic", "isomorphic\isomorphic.vcxproj", "{42ED32F4-BE8C-4510-88A7-E103E1E7B438}"
EndProject
Project("{8BC9CEB8-8B4A-11D0-8D11-00A0C91BC942}") = "List Leaves", "List Leaves\List Leaves.vcxproj", "{2CCEEA26-BEE8-43C6-AF6F-7D00621E4984}"
EndProject
Project("{8BC9CEB8-8B4A-11D0-8D11-00A0C91BC942}") = "TreeTraversal", "TreeTraversal\TreeTraversal.vcxproj", "{8A0FD886-3FC7-4028-9000-0BAB835CFBFC}"
EndProject
Project("{8BC9CEB8-8B4A-11D0-8D11-00A0C91BC942}") = "Is_Same_BS_Tree", "Is_Same_BS_Tree\Is_Same_BS_Tree.vcxproj", "{16F1CCB8-48AD-4694-9709-1FE0DF858DF8}"
EndProject
Project("{8BC9CEB8-8B4A-11D0-8D11-00A0C91BC942}") = "Root_Of_AVL", "Root_Of_AVL\Root_Of_AVL.vcxproj", "{0ECCE8E6-03E5-468E-827E-EB88EB1FB0B6}"
EndProject
Project("{8BC9CEB8-8B4A-11D0-8D11-00A0C91BC942}") = "CBST", "BST\BST.vcxproj", "{B7FFB469-A89A-4428-8BCE-E21728C6A2A0}"
EndProject
Project("{8BC9CEB8-8B4A-11D0-8D11-00A0C91BC942}") = "heap_path", "heap_path\heap_path.vcxproj", "{55B21C27-48D1-4B1E-A6A1-CA725701D781}"
EndProject
Project("{8BC9CEB8-8B4A-11D0-8D11-00A0C91BC942}") = "file_transfer", "file_transfer\file_transfer.vcxproj", "{2F8330C6-4EBD-4AB7-817D-0BFD278B3B1A}"
EndProject
Project("{8BC9CEB8-8B4A-11D0-8D11-00A0C91BC942}") = "test", "test\test.vcxproj", "{C6C9E24F-6940-4C0B-888B-D4ED00209F05}"
EndProject
Project("{8BC9CEB8-8B4A-11D0-8D11-00A0C91BC942}") = "Huffman", "Huffman\Huffman.vcxproj", "{ADB703EB-B145-4EAD-8EC4-FA6310113D75}"
EndProject
Global
	GlobalSection(SolutionConfigurationPlatforms) = preSolution
		Debug|x64 = Debug|x64
		Debug|x86 = Debug|x86
		Release|x64 = Release|x64
		Release|x86 = Release|x86
	EndGlobalSection
	GlobalSection(ProjectConfigurationPlatforms) = postSolution
		{42ED32F4-BE8C-4510-88A7-E103E1E7B438}.Debug|x64.ActiveCfg = Debug|x64
		{42ED32F4-BE8C-4510-88A7-E103E1E7B438}.Debug|x64.Build.0 = Debug|x64
		{42ED32F4-BE8C-4510-88A7-E103E1E7B438}.Debug|x86.ActiveCfg = Debug|Win32
		{42ED32F4-BE8C-4510-88A7-E103E1E7B438}.Debug|x86.Build.0 = Debug|Win32
		{42ED32F4-BE8C-4510-88A7-E103E1E7B438}.Release|x64.ActiveCfg = Release|x64
		{42ED32F4-BE8C-4510-88A7-E103E1E7B438}.Release|x64.Build.0 = Release|x64
		{42ED32F4-BE8C-4510-88A7-E103E1E7B438}.Release|x86.ActiveCfg = Release|Win32
		{42ED32F4-BE8C-4510-88A7-E103E1E7B438}.Release|x86.Build.0 = Release|Win32
		{2CCEEA26-BEE8-43C6-AF6F-7D00621E4984}.Debug|x64.ActiveCfg = Debug|x64
		{2CCEEA26-BEE8-43C6-AF6F-7D00621E4984}.Debug|x64.Build.0 = Debug|x64
		{2CCEEA26-BEE8-43C6-AF6F-7D00621E4984}.Debug|x86.ActiveCfg = Debug|Win32
		{2CCEEA26-BEE8-43C6-AF6F-7D00621E4984}.Debug|x86.Build.0 = Debug|Win32
		{2CCEEA26-BEE8-43C6-AF6F-7D00621E4984}.Release|x64.ActiveCfg = Release|x64
		{2CCEEA26-BEE8-43C6-AF6F-7D00621E4984}.Release|x64.Build.0 = Release|x64
		{2CCEEA26-BEE8-43C6-AF6F-7D00621E4984}.Release|x86.ActiveCfg = Release|Win32
		{2CCEEA26-BEE8-43C6-AF6F-7D00621E4984}.Release|x86.Build.0 = Release|Win32
		{8A0FD886-3FC7-4028-9000-0BAB835CFBFC}.Debug|x64.ActiveCfg = Debug|x64
		{8A0FD886-3FC7-4028-9000-0BAB835CFBFC}.Debug|x64.Build.0 = Debug|x64
		{8A0FD886-3FC7-4028-9000-0BAB835CFBFC}.Debug|x86.ActiveCfg = Debug|Win32
		{8A0FD886-3FC7-4028-9000-0BAB835CFBFC}.Debug|x86.Build.0 = Debug|Win32
		{8A0FD886-3FC7-4028-9000-0BAB835CFBFC}.Release|x64.ActiveCfg = Release|x64
		{8A0FD886-3FC7-4028-9000-0BAB835CFBFC}.Release|x64.Build.0 = Release|x64
		{8A0FD886-3FC7-4028-9000-0BAB835CFBFC}.Release|x86.ActiveCfg = Release|Win32
		{8A0FD886-3FC7-4028-9000-0BAB835CFBFC}.Release|x86.Build.0 = Release|Win32
		{16F1CCB8-48AD-4694-9709-1FE0DF858DF8}.Debug|x64.ActiveCfg = Debug|x64
		{16F1CCB8-48AD-4694-9709-1FE0DF858DF8}.Debug|x64.Build.0 = Debug|x64
		{16F1CCB8-48AD-4694-9709-1FE0DF858DF8}.Debug|x86.ActiveCfg = Debug|Win32
		{16F1CCB8-48AD-4694-9709-1FE0DF858DF8}.Debug|x86.Build.0 = Debug|Win32
		{16F1CCB8-48AD-4694-9709-1FE0DF858DF8}.Release|x64.ActiveCfg = Release|x64
		{16F1CCB8-48AD-4694-9709-1FE0DF858DF8}.Release|x64.Build.0 = Release|x64
		{16F1CCB8-48AD-4694-9709-1FE0DF858DF8}.Release|x86.ActiveCfg = Release|Win32
		{16F1CCB8-48AD-4694-9709-1FE0DF858DF8}.Release|x86.Build.0 = Release|Win32
		{0ECCE8E6-03E5-468E-827E-EB88EB1FB0B6}.Debug|x64.ActiveCfg = Debug|x64
		{0ECCE8E6-03E5-468E-827E-EB88EB1FB0B6}.Debug|x64.Build.0 = Debug|x64
		{0ECCE8E6-03E5-468E-827E-EB88EB1FB0B6}.Debug|x86.ActiveCfg = Debug|Win32
		{0ECCE8E6-03E5-468E-827E-EB88EB1FB0B6}.Debug|x86.Build.0 = Debug|Win32
		{0ECCE8E6-03E5-468E-827E-EB88EB1FB0B6}.Release|x64.ActiveCfg = Release|x64
		{0ECCE8E6-03E5-468E-827E-EB88EB1FB0B6}.Release|x64.Build.0 = Release|x64
		{0ECCE8E6-03E5-468E-827E-EB88EB1FB0B6}.Release|x86.ActiveCfg = Release|Win32
		{0ECCE8E6-03E5-468E-827E-EB88EB1FB0B6}.Release|x86.Build.0 = Release|Win32
		{B7FFB469-A89A-4428-8BCE-E21728C6A2A0}.Debug|x64.ActiveCfg = Debug|x64
		{B7FFB469-A89A-4428-8BCE-E21728C6A2A0}.Debug|x64.Build.0 = Debug|x64
		{B7FFB469-A89A-4428-8BCE-E21728C6A2A0}.Debug|x86.ActiveCfg = Debug|Win32
		{B7FFB469-A89A-4428-8BCE-E21728C6A2A0}.Debug|x86.Build.0 = Debug|Win32
		{B7FFB469-A89A-4428-8BCE-E21728C6A2A0}.Release|x64.ActiveCfg = Release|x64
		{B7FFB469-A89A-4428-8BCE-E21728C6A2A0}.Release|x64.Build.0 = Release|x64
		{B7FFB469-A89A-4428-8BCE-E21728C6A2A0}.Release|x86.ActiveCfg = Release|Win32
		{B7FFB469-A89A-4428-8BCE-E21728C6A2A0}.Release|x86.Build.0 = Release|Win32
		{55B21C27-48D1-4B1E-A6A1-CA725701D781}.Debug|x64.ActiveCfg = Debug|x64
		{55B21C27-48D1-4B1E-A6A1-CA725701D781}.Debug|x64.Build.0 = Debug|x64
		{55B21C27-48D1-4B1E-A6A1-CA725701D781}.Debug|x86.ActiveCfg = Debug|Win32
		{55B21C27-48D1-4B1E-A6A1-CA725701D781}.Debug|x86.Build.0 = Debug|Win32
		{55B21C27-48D1-4B1E-A6A1-CA725701D781}.Release|x64.ActiveCfg = Release|x64
		{55B21C27-48D1-4B1E-A6A1-CA725701D781}.Release|x64.Build.0 = Release|x64
		{55B21C27-48D1-4B1E-A6A1-CA725701D781}.Release|x86.ActiveCfg = Release|Win32
		{55B21C27-48D1-4B1E-A6A1-CA725701D781}.Release|x86.Build.0 = Release|Win32
		{2F8330C6-4EBD-4AB7-817D-0BFD278B3B1A}.Debug|x64.ActiveCfg = Debug|x64
		{2F8330C6-4EBD-4AB7-817D-0BFD278B3B1A}.Debug|x64.Build.0 = Debug|x64
		{2F8330C6-4EBD-4AB7-817D-0BFD278B3B1A}.Debug|x86.ActiveCfg = Debug|Win32
		{2F8330C6-4EBD-4AB7-817D-0BFD278B3B1A}.Debug|x86.Build.0 = Debug|Win32
		{2F8330C6-4EBD-4AB7-817D-0BFD278B3B1A}.Release|x64.ActiveCfg = Release|x64
		{2F8330C6-4EBD-4AB7-817D-0BFD278B3B1A}.Release|x64.Build.0 = Release|x64
		{2F8330C6-4EBD-4AB7-817D-0BFD278B3B1A}.Release|x86.ActiveCfg = Release|Win32
		{2F8330C6-4EBD-4AB7-817D-0BFD278B3B1A}.Release|x86.Build.0 = Release|Win32
		{C6C9E24F-6940-4C0B-888B-D4ED00209F05}.Debug|x64.ActiveCfg = Debug|x64
		{C6C9E24F-6940-4C0B-888B-D4ED00209F05}.Debug|x64.Build.0 = Debug|x64
		{C6C9E24F-6940-4C0B-888B-D4ED00209F05}.Debug|x86.ActiveCfg = Debug|Win32
		{C6C9E24F-6940-4C0B-888B-D4ED00209F05}.Debug|x86.Build.0 = Debug|Win32
		{C6C9E24F-6940-4C0B-888B-D4ED00209F05}.Release|x64.ActiveCfg = Release|x64
		{C6C9E24F-6940-4C0B-888B-D4ED00209F05}.Release|x64.Build.0 = Release|x64
		{C6C9E24F-6940-4C0B-888B-D4ED00209F05}.Release|x86.ActiveCfg = Release|Win32
		{C6C9E24F-6940-4C0B-888B-D4ED00209F05}.Release|x86.Build.0 = Release|Win32
		{ADB703EB-B145-4EAD-8EC4-FA6310113D75}.Debug|x64.ActiveCfg = Debug|x64
		{ADB703EB-B145-4EAD-8EC4-FA6310113D75}.Debug|x64.Build.0 = Debug|x64
		{ADB703EB-B145-4EAD-8EC4-FA6310113D75}.Debug|x86.ActiveCfg = Debug|Win32
		{ADB703EB-B145-4EAD-8EC4-FA6310113D75}.Debug|x86.Build.0 = Debug|Win32
		{ADB703EB-B145-4EAD-8EC4-FA6310113D75}.Release|x64.ActiveCfg = Release|x64
		{ADB703EB-B145-4EAD-8EC4-FA6310113D75}.Release|x64.Build.0 = Release|x64
		{ADB703EB-B145-4EAD-8EC4-FA6310113D75}.Release|x86.ActiveCfg = Release|Win32
		{ADB703EB-B145-4EAD-8EC4-FA6310113D75}.Release|x86.Build.0 = Release|Win32
	EndGlobalSection
	GlobalSection(SolutionProperties) = preSolution
		HideSolutionNode = FALSE
	EndGlobalSection
	GlobalSection(ExtensibilityGlobals) = postSolution
		SolutionGuid = {03CB2A20-E5DB-4006-97D8-8AC2CF7B4217}
	EndGlobalSection
EndGlobal
